
Microsoft Visual Studio Solution File, Format Version 12.00
# Visual Studio Version 17
VisualStudioVersion = 17.0.32112.339
MinimumVisualStudioVersion = 10.0.40219.1
Project("{FAE04EC0-301F-11D3-BF4B-00C04F79EFBC}") = "Login", "Login\Login.csproj", "{10A79C23-A5E2-43D5-8879-A8A3CF8581A7}"
EndProject
Project("{FAE04EC0-301F-11D3-BF4B-00C04F79EFBC}") = "Registr", "Registr\Registr.csproj", "{D78B87B8-EDFE-4CD9-8DFB-D84606A3483D}"
EndProject
Global
	GlobalSection(SolutionConfigurationPlatforms) = preSolution
		Debug|Any CPU = Debug|Any CPU
		Release|Any CPU = Release|Any CPU
	EndGlobalSection
	GlobalSection(ProjectConfigurationPlatforms) = postSolution
		{10A79C23-A5E2-43D5-8879-A8A3CF8581A7}.Debug|Any CPU.ActiveCfg = Debug|Any CPU
		{10A79C23-A5E2-43D5-8879-A8A3CF8581A7}.Debug|Any CPU.Build.0 = Debug|Any CPU
		{10A79C23-A5E2-43D5-8879-A8A3CF8581A7}.Release|Any CPU.ActiveCfg = Release|Any CPU
		{10A79C23-A5E2-43D5-8879-A8A3CF8581A7}.Release|Any CPU.Build.0 = Release|Any CPU
		{D78B87B8-EDFE-4CD9-8DFB-D84606A3483D}.Debug|Any CPU.ActiveCfg = Debug|Any CPU
		{D78B87B8-EDFE-4CD9-8DFB-D84606A3483D}.Debug|Any CPU.Build.0 = Debug|Any CPU
		{D78B87B8-EDFE-4CD9-8DFB-D84606A3483D}.Release|Any CPU.ActiveCfg = Release|Any CPU
		{D78B87B8-EDFE-4CD9-8DFB-D84606A3483D}.Release|Any CPU.Build.0 = Release|Any CPU
	EndGlobalSection
	GlobalSection(SolutionProperties) = preSolution
		HideSolutionNode = FALSE
	EndGlobalSection
	GlobalSection(ExtensibilityGlobals) = postSolution
		SolutionGuid = {01CB8D19-B2AA-4015-BD94-A01F3DDB63A9}
	EndGlobalSection
EndGlobal
