
Microsoft Visual Studio Solution File, Format Version 12.00
# Visual Studio Version 17
VisualStudioVersion = 17.0.32014.148
MinimumVisualStudioVersion = 10.0.40219.1
Project("{FAE04EC0-301F-11D3-BF4B-00C04F79EFBC}") = "Ref_ve_out", "Ref_ve_out.csproj", "{9B972CFC-E442-455D-904F-BD55A2F3F5EA}"
EndProject
Global
	GlobalSection(SolutionConfigurationPlatforms) = preSolution
		Debug|Any CPU = Debug|Any CPU
		Release|Any CPU = Release|Any CPU
	EndGlobalSection
	GlobalSection(ProjectConfigurationPlatforms) = postSolution
		{9B972CFC-E442-455D-904F-BD55A2F3F5EA}.Debug|Any CPU.ActiveCfg = Debug|Any CPU
		{9B972CFC-E442-455D-904F-BD55A2F3F5EA}.Debug|Any CPU.Build.0 = Debug|Any CPU
		{9B972CFC-E442-455D-904F-BD55A2F3F5EA}.Release|Any CPU.ActiveCfg = Release|Any CPU
		{9B972CFC-E442-455D-904F-BD55A2F3F5EA}.Release|Any CPU.Build.0 = Release|Any CPU
	EndGlobalSection
	GlobalSection(SolutionProperties) = preSolution
		HideSolutionNode = FALSE
	EndGlobalSection
	GlobalSection(ExtensibilityGlobals) = postSolution
		SolutionGuid = {2D39881C-4B51-4B82-AE1E-933CBAB07C32}
	EndGlobalSection
EndGlobal
