
Microsoft Visual Studio Solution File, Format Version 12.00
# Visual Studio Version 17
VisualStudioVersion = 17.0.32014.148
MinimumVisualStudioVersion = 10.0.40219.1
Project("{FAE04EC0-301F-11D3-BF4B-00C04F79EFBC}") = "orta_eded", "orta_eded.csproj", "{D0BAB38E-B392-4625-BD14-AA310F24E798}"
EndProject
Global
	GlobalSection(SolutionConfigurationPlatforms) = preSolution
		Debug|Any CPU = Debug|Any CPU
		Release|Any CPU = Release|Any CPU
	EndGlobalSection
	GlobalSection(ProjectConfigurationPlatforms) = postSolution
		{D0BAB38E-B392-4625-BD14-AA310F24E798}.Debug|Any CPU.ActiveCfg = Debug|Any CPU
		{D0BAB38E-B392-4625-BD14-AA310F24E798}.Debug|Any CPU.Build.0 = Debug|Any CPU
		{D0BAB38E-B392-4625-BD14-AA310F24E798}.Release|Any CPU.ActiveCfg = Release|Any CPU
		{D0BAB38E-B392-4625-BD14-AA310F24E798}.Release|Any CPU.Build.0 = Release|Any CPU
	EndGlobalSection
	GlobalSection(SolutionProperties) = preSolution
		HideSolutionNode = FALSE
	EndGlobalSection
	GlobalSection(ExtensibilityGlobals) = postSolution
		SolutionGuid = {22DC204D-9CB8-4CD4-88F6-4A020203DCE9}
	EndGlobalSection
EndGlobal
