
Microsoft Visual Studio Solution File, Format Version 12.00
# Visual Studio Version 17
VisualStudioVersion = 17.0.32112.339
MinimumVisualStudioVersion = 10.0.40219.1
Project("{FAE04EC0-301F-11D3-BF4B-00C04F79EFBC}") = "Task_1", "Task_1\Task_1.csproj", "{BFB564DF-499F-4BF2-8E9C-702FD7F09294}"
EndProject
Global
	GlobalSection(SolutionConfigurationPlatforms) = preSolution
		Debug|Any CPU = Debug|Any CPU
		Release|Any CPU = Release|Any CPU
	EndGlobalSection
	GlobalSection(ProjectConfigurationPlatforms) = postSolution
		{BFB564DF-499F-4BF2-8E9C-702FD7F09294}.Debug|Any CPU.ActiveCfg = Debug|Any CPU
		{BFB564DF-499F-4BF2-8E9C-702FD7F09294}.Debug|Any CPU.Build.0 = Debug|Any CPU
		{BFB564DF-499F-4BF2-8E9C-702FD7F09294}.Release|Any CPU.ActiveCfg = Release|Any CPU
		{BFB564DF-499F-4BF2-8E9C-702FD7F09294}.Release|Any CPU.Build.0 = Release|Any CPU
	EndGlobalSection
	GlobalSection(SolutionProperties) = preSolution
		HideSolutionNode = FALSE
	EndGlobalSection
	GlobalSection(ExtensibilityGlobals) = postSolution
		SolutionGuid = {45914BFE-72AB-43FF-B68D-49FF682719C0}
	EndGlobalSection
EndGlobal
