
Microsoft Visual Studio Solution File, Format Version 12.00
# Visual Studio Version 17
VisualStudioVersion = 17.0.32014.148
MinimumVisualStudioVersion = 10.0.40219.1
Project("{FAE04EC0-301F-11D3-BF4B-00C04F79EFBC}") = "4Task", "4Task\4Task.csproj", "{EA389758-7421-4FAA-A676-07CFAD83C24D}"
EndProject
Global
	GlobalSection(SolutionConfigurationPlatforms) = preSolution
		Debug|Any CPU = Debug|Any CPU
		Release|Any CPU = Release|Any CPU
	EndGlobalSection
	GlobalSection(ProjectConfigurationPlatforms) = postSolution
		{EA389758-7421-4FAA-A676-07CFAD83C24D}.Debug|Any CPU.ActiveCfg = Debug|Any CPU
		{EA389758-7421-4FAA-A676-07CFAD83C24D}.Debug|Any CPU.Build.0 = Debug|Any CPU
		{EA389758-7421-4FAA-A676-07CFAD83C24D}.Release|Any CPU.ActiveCfg = Release|Any CPU
		{EA389758-7421-4FAA-A676-07CFAD83C24D}.Release|Any CPU.Build.0 = Release|Any CPU
	EndGlobalSection
	GlobalSection(SolutionProperties) = preSolution
		HideSolutionNode = FALSE
	EndGlobalSection
	GlobalSection(ExtensibilityGlobals) = postSolution
		SolutionGuid = {2203AE54-E393-4DE2-B80A-89725422B3D8}
	EndGlobalSection
EndGlobal
