
Microsoft Visual Studio Solution File, Format Version 12.00
# Visual Studio Version 17
VisualStudioVersion = 17.0.32014.148
MinimumVisualStudioVersion = 10.0.40219.1
Project("{FAE04EC0-301F-11D3-BF4B-00C04F79EFBC}") = "FirstTask", "FirstTask\FirstTask.csproj", "{5A9DAF57-CBFB-4F95-94A7-C789F13AECBE}"
EndProject
Global
	GlobalSection(SolutionConfigurationPlatforms) = preSolution
		Debug|Any CPU = Debug|Any CPU
		Release|Any CPU = Release|Any CPU
	EndGlobalSection
	GlobalSection(ProjectConfigurationPlatforms) = postSolution
		{5A9DAF57-CBFB-4F95-94A7-C789F13AECBE}.Debug|Any CPU.ActiveCfg = Debug|Any CPU
		{5A9DAF57-CBFB-4F95-94A7-C789F13AECBE}.Debug|Any CPU.Build.0 = Debug|Any CPU
		{5A9DAF57-CBFB-4F95-94A7-C789F13AECBE}.Release|Any CPU.ActiveCfg = Release|Any CPU
		{5A9DAF57-CBFB-4F95-94A7-C789F13AECBE}.Release|Any CPU.Build.0 = Release|Any CPU
	EndGlobalSection
	GlobalSection(SolutionProperties) = preSolution
		HideSolutionNode = FALSE
	EndGlobalSection
	GlobalSection(ExtensibilityGlobals) = postSolution
		SolutionGuid = {13CC744C-80C9-4600-A1DA-0B690A6CDFCE}
	EndGlobalSection
EndGlobal
