
Microsoft Visual Studio Solution File, Format Version 12.00
# Visual Studio Version 17
VisualStudioVersion = 17.0.32112.339
MinimumVisualStudioVersion = 10.0.40219.1
Project("{FAE04EC0-301F-11D3-BF4B-00C04F79EFBC}") = "WindowsFormsApp1", "WindowsFormsApp1\WindowsFormsApp1.csproj", "{770004C5-4F52-466F-8F4E-623CD8338C6E}"
EndProject
Global
	GlobalSection(SolutionConfigurationPlatforms) = preSolution
		Debug|Any CPU = Debug|Any CPU
		Release|Any CPU = Release|Any CPU
	EndGlobalSection
	GlobalSection(ProjectConfigurationPlatforms) = postSolution
		{770004C5-4F52-466F-8F4E-623CD8338C6E}.Debug|Any CPU.ActiveCfg = Debug|Any CPU
		{770004C5-4F52-466F-8F4E-623CD8338C6E}.Debug|Any CPU.Build.0 = Debug|Any CPU
		{770004C5-4F52-466F-8F4E-623CD8338C6E}.Release|Any CPU.ActiveCfg = Release|Any CPU
		{770004C5-4F52-466F-8F4E-623CD8338C6E}.Release|Any CPU.Build.0 = Release|Any CPU
	EndGlobalSection
	GlobalSection(SolutionProperties) = preSolution
		HideSolutionNode = FALSE
	EndGlobalSection
	GlobalSection(ExtensibilityGlobals) = postSolution
		SolutionGuid = {F74ACF7F-44DE-4FEE-8E21-14163E83DB4A}
	EndGlobalSection
EndGlobal
