
Microsoft Visual Studio Solution File, Format Version 12.00
# Visual Studio Version 17
VisualStudioVersion = 17.0.32014.148
MinimumVisualStudioVersion = 10.0.40219.1
Project("{FAE04EC0-301F-11D3-BF4B-00C04F79EFBC}") = "vurma_cedveli", "vurma_cedveli.csproj", "{4990A088-1744-4EF9-B3AF-3E70EBB0FDBA}"
EndProject
Global
	GlobalSection(SolutionConfigurationPlatforms) = preSolution
		Debug|Any CPU = Debug|Any CPU
		Release|Any CPU = Release|Any CPU
	EndGlobalSection
	GlobalSection(ProjectConfigurationPlatforms) = postSolution
		{4990A088-1744-4EF9-B3AF-3E70EBB0FDBA}.Debug|Any CPU.ActiveCfg = Debug|Any CPU
		{4990A088-1744-4EF9-B3AF-3E70EBB0FDBA}.Debug|Any CPU.Build.0 = Debug|Any CPU
		{4990A088-1744-4EF9-B3AF-3E70EBB0FDBA}.Release|Any CPU.ActiveCfg = Release|Any CPU
		{4990A088-1744-4EF9-B3AF-3E70EBB0FDBA}.Release|Any CPU.Build.0 = Release|Any CPU
	EndGlobalSection
	GlobalSection(SolutionProperties) = preSolution
		HideSolutionNode = FALSE
	EndGlobalSection
	GlobalSection(ExtensibilityGlobals) = postSolution
		SolutionGuid = {E655A5C7-7A62-4E69-8F00-2E4E98CBF18E}
	EndGlobalSection
EndGlobal
